
Microsoft Visual Studio Solution File, Format Version 12.00
# Visual Studio 14
VisualStudioVersion = 14.0.25420.1
MinimumVisualStudioVersion = 10.0.40219.1
Project("{FAE04EC0-301F-11D3-BF4B-00C04F79EFBC}") = "MessageGateway", "MessageGateway\MessageGateway.csproj", "{617C4E4E-172A-4691-9448-ED77BFDE19F7}"
EndProject
Project("{FAE04EC0-301F-11D3-BF4B-00C04F79EFBC}") = "TestClint", "TestClint\TestClint.csproj", "{EBF77DC8-748B-414F-8FE6-8B4728036B43}"
EndProject
Project("{FAE04EC0-301F-11D3-BF4B-00C04F79EFBC}") = "CreditScore", "CreditScore\CreditScore.csproj", "{B1338E62-0890-4516-AB13-4FE375296A94}"
EndProject
Project("{FAE04EC0-301F-11D3-BF4B-00C04F79EFBC}") = "GetBanks", "GetBanks\GetBanks.csproj", "{26310710-A959-4421-A3A6-30BDF4253B0B}"
	ProjectSection(ProjectDependencies) = postProject
		{CD636253-DB7D-45C2-9A6A-08A192032CF6} = {CD636253-DB7D-45C2-9A6A-08A192032CF6}
	EndProjectSection
EndProject
Project("{FAE04EC0-301F-11D3-BF4B-00C04F79EFBC}") = "RecipientList", "RecipientList\RecipientList.csproj", "{98D5E90A-B585-474A-9231-CB3C6F6E3581}"
EndProject
Project("{FAE04EC0-301F-11D3-BF4B-00C04F79EFBC}") = "TranslatorJsonBank", "TranslatorJsonBank\TranslatorJsonBank.csproj", "{51EC3C8F-E9C9-400D-B221-B5C4816C7615}"
EndProject
Project("{FAE04EC0-301F-11D3-BF4B-00C04F79EFBC}") = "TranslatorXmlBank", "TranslatorXmlBank\TranslatorXmlBank.csproj", "{1A9AABDA-38C0-4AFC-9BD4-EC68FF366CFF}"
EndProject
Project("{FAE04EC0-301F-11D3-BF4B-00C04F79EFBC}") = "RulebaseService", "RulebaseService\RulebaseService.csproj", "{CD636253-DB7D-45C2-9A6A-08A192032CF6}"
EndProject
Project("{FAE04EC0-301F-11D3-BF4B-00C04F79EFBC}") = "LoanBrokerService", "LoanBrokerService\LoanBrokerService.csproj", "{772E1CBD-07BD-41A2-8E74-7D38FD387633}"
EndProject
Project("{FAE04EC0-301F-11D3-BF4B-00C04F79EFBC}") = "OurTranslator1", "OurTranslator1\OurTranslator1.csproj", "{2B1531B0-9276-4C04-9BD9-31462396472B}"
	ProjectSection(ProjectDependencies) = postProject
		{974F30E2-289F-4615-9D36-DB9EDCC3A48E} = {974F30E2-289F-4615-9D36-DB9EDCC3A48E}
	EndProjectSection
EndProject
Project("{FAE04EC0-301F-11D3-BF4B-00C04F79EFBC}") = "OurTranslator2", "OurTranslator2\OurTranslator2.csproj", "{ACC3FDF0-49C4-409E-BD91-27CED8C41831}"
EndProject
Project("{FAE04EC0-301F-11D3-BF4B-00C04F79EFBC}") = "WebBank", "WebBank\WebBank.csproj", "{974F30E2-289F-4615-9D36-DB9EDCC3A48E}"
EndProject
Project("{FAE04EC0-301F-11D3-BF4B-00C04F79EFBC}") = "Normalizer", "Normalizer\Normalizer.csproj", "{40C313DB-6E3E-488C-9342-943B5E4DDB42}"
EndProject
Project("{FAE04EC0-301F-11D3-BF4B-00C04F79EFBC}") = "MyAggregator", "MyAggregator\MyAggregator.csproj", "{9F3E87C9-0954-43BE-812D-A2B939D07368}"
EndProject
Global
	GlobalSection(SolutionConfigurationPlatforms) = preSolution
		Debug|Any CPU = Debug|Any CPU
		Release|Any CPU = Release|Any CPU
	EndGlobalSection
	GlobalSection(ProjectConfigurationPlatforms) = postSolution
		{617C4E4E-172A-4691-9448-ED77BFDE19F7}.Debug|Any CPU.ActiveCfg = Debug|Any CPU
		{617C4E4E-172A-4691-9448-ED77BFDE19F7}.Debug|Any CPU.Build.0 = Debug|Any CPU
		{617C4E4E-172A-4691-9448-ED77BFDE19F7}.Release|Any CPU.ActiveCfg = Release|Any CPU
		{617C4E4E-172A-4691-9448-ED77BFDE19F7}.Release|Any CPU.Build.0 = Release|Any CPU
		{EBF77DC8-748B-414F-8FE6-8B4728036B43}.Debug|Any CPU.ActiveCfg = Debug|Any CPU
		{EBF77DC8-748B-414F-8FE6-8B4728036B43}.Debug|Any CPU.Build.0 = Debug|Any CPU
		{EBF77DC8-748B-414F-8FE6-8B4728036B43}.Release|Any CPU.ActiveCfg = Release|Any CPU
		{EBF77DC8-748B-414F-8FE6-8B4728036B43}.Release|Any CPU.Build.0 = Release|Any CPU
		{B1338E62-0890-4516-AB13-4FE375296A94}.Debug|Any CPU.ActiveCfg = Debug|Any CPU
		{B1338E62-0890-4516-AB13-4FE375296A94}.Debug|Any CPU.Build.0 = Debug|Any CPU
		{B1338E62-0890-4516-AB13-4FE375296A94}.Release|Any CPU.ActiveCfg = Release|Any CPU
		{B1338E62-0890-4516-AB13-4FE375296A94}.Release|Any CPU.Build.0 = Release|Any CPU
		{26310710-A959-4421-A3A6-30BDF4253B0B}.Debug|Any CPU.ActiveCfg = Debug|Any CPU
		{26310710-A959-4421-A3A6-30BDF4253B0B}.Debug|Any CPU.Build.0 = Debug|Any CPU
		{26310710-A959-4421-A3A6-30BDF4253B0B}.Release|Any CPU.ActiveCfg = Release|Any CPU
		{26310710-A959-4421-A3A6-30BDF4253B0B}.Release|Any CPU.Build.0 = Release|Any CPU
		{98D5E90A-B585-474A-9231-CB3C6F6E3581}.Debug|Any CPU.ActiveCfg = Debug|Any CPU
		{98D5E90A-B585-474A-9231-CB3C6F6E3581}.Debug|Any CPU.Build.0 = Debug|Any CPU
		{98D5E90A-B585-474A-9231-CB3C6F6E3581}.Release|Any CPU.ActiveCfg = Release|Any CPU
		{98D5E90A-B585-474A-9231-CB3C6F6E3581}.Release|Any CPU.Build.0 = Release|Any CPU
		{51EC3C8F-E9C9-400D-B221-B5C4816C7615}.Debug|Any CPU.ActiveCfg = Debug|Any CPU
		{51EC3C8F-E9C9-400D-B221-B5C4816C7615}.Debug|Any CPU.Build.0 = Debug|Any CPU
		{51EC3C8F-E9C9-400D-B221-B5C4816C7615}.Release|Any CPU.ActiveCfg = Release|Any CPU
		{51EC3C8F-E9C9-400D-B221-B5C4816C7615}.Release|Any CPU.Build.0 = Release|Any CPU
		{1A9AABDA-38C0-4AFC-9BD4-EC68FF366CFF}.Debug|Any CPU.ActiveCfg = Debug|Any CPU
		{1A9AABDA-38C0-4AFC-9BD4-EC68FF366CFF}.Debug|Any CPU.Build.0 = Debug|Any CPU
		{1A9AABDA-38C0-4AFC-9BD4-EC68FF366CFF}.Release|Any CPU.ActiveCfg = Release|Any CPU
		{1A9AABDA-38C0-4AFC-9BD4-EC68FF366CFF}.Release|Any CPU.Build.0 = Release|Any CPU
		{CD636253-DB7D-45C2-9A6A-08A192032CF6}.Debug|Any CPU.ActiveCfg = Debug|Any CPU
		{CD636253-DB7D-45C2-9A6A-08A192032CF6}.Debug|Any CPU.Build.0 = Debug|Any CPU
		{CD636253-DB7D-45C2-9A6A-08A192032CF6}.Release|Any CPU.ActiveCfg = Release|Any CPU
		{CD636253-DB7D-45C2-9A6A-08A192032CF6}.Release|Any CPU.Build.0 = Release|Any CPU
		{772E1CBD-07BD-41A2-8E74-7D38FD387633}.Debug|Any CPU.ActiveCfg = Debug|Any CPU
		{772E1CBD-07BD-41A2-8E74-7D38FD387633}.Debug|Any CPU.Build.0 = Debug|Any CPU
		{772E1CBD-07BD-41A2-8E74-7D38FD387633}.Release|Any CPU.ActiveCfg = Release|Any CPU
		{772E1CBD-07BD-41A2-8E74-7D38FD387633}.Release|Any CPU.Build.0 = Release|Any CPU
		{2B1531B0-9276-4C04-9BD9-31462396472B}.Debug|Any CPU.ActiveCfg = Debug|Any CPU
		{2B1531B0-9276-4C04-9BD9-31462396472B}.Debug|Any CPU.Build.0 = Debug|Any CPU
		{2B1531B0-9276-4C04-9BD9-31462396472B}.Release|Any CPU.ActiveCfg = Release|Any CPU
		{2B1531B0-9276-4C04-9BD9-31462396472B}.Release|Any CPU.Build.0 = Release|Any CPU
		{ACC3FDF0-49C4-409E-BD91-27CED8C41831}.Debug|Any CPU.ActiveCfg = Debug|Any CPU
		{ACC3FDF0-49C4-409E-BD91-27CED8C41831}.Debug|Any CPU.Build.0 = Debug|Any CPU
		{ACC3FDF0-49C4-409E-BD91-27CED8C41831}.Release|Any CPU.ActiveCfg = Release|Any CPU
		{ACC3FDF0-49C4-409E-BD91-27CED8C41831}.Release|Any CPU.Build.0 = Release|Any CPU
		{974F30E2-289F-4615-9D36-DB9EDCC3A48E}.Debug|Any CPU.ActiveCfg = Debug|Any CPU
		{974F30E2-289F-4615-9D36-DB9EDCC3A48E}.Debug|Any CPU.Build.0 = Debug|Any CPU
		{974F30E2-289F-4615-9D36-DB9EDCC3A48E}.Release|Any CPU.ActiveCfg = Release|Any CPU
		{974F30E2-289F-4615-9D36-DB9EDCC3A48E}.Release|Any CPU.Build.0 = Release|Any CPU
		{40C313DB-6E3E-488C-9342-943B5E4DDB42}.Debug|Any CPU.ActiveCfg = Debug|Any CPU
		{40C313DB-6E3E-488C-9342-943B5E4DDB42}.Debug|Any CPU.Build.0 = Debug|Any CPU
		{40C313DB-6E3E-488C-9342-943B5E4DDB42}.Release|Any CPU.ActiveCfg = Release|Any CPU
		{40C313DB-6E3E-488C-9342-943B5E4DDB42}.Release|Any CPU.Build.0 = Release|Any CPU
		{9F3E87C9-0954-43BE-812D-A2B939D07368}.Debug|Any CPU.ActiveCfg = Debug|Any CPU
		{9F3E87C9-0954-43BE-812D-A2B939D07368}.Debug|Any CPU.Build.0 = Debug|Any CPU
		{9F3E87C9-0954-43BE-812D-A2B939D07368}.Release|Any CPU.ActiveCfg = Release|Any CPU
		{9F3E87C9-0954-43BE-812D-A2B939D07368}.Release|Any CPU.Build.0 = Release|Any CPU
	EndGlobalSection
	GlobalSection(SolutionProperties) = preSolution
		HideSolutionNode = FALSE
	EndGlobalSection
EndGlobal
